// !$*UTF8*$!
{
	archiveVersion = 1;
	classes = {
	};
	objectVersion = 55;
	objects = {

/* Begin PBXBuildFile section */
		E0018C9E27B3696600E80EC2 /* CategoriesView.swift in Sources */ = {isa = PBXBuildFile; fileRef = E0018C9D27B3696600E80EC2 /* CategoriesView.swift */; };
		E047C79727A23B37004C8ACA /* calendar_buddyApp.swift in Sources */ = {isa = PBXBuildFile; fileRef = E047C79627A23B37004C8ACA /* calendar_buddyApp.swift */; };
		E047C79927A23B37004C8ACA /* LoginView.swift in Sources */ = {isa = PBXBuildFile; fileRef = E047C79827A23B37004C8ACA /* LoginView.swift */; };
		E047C79B27A23B38004C8ACA /* Assets.xcassets in Resources */ = {isa = PBXBuildFile; fileRef = E047C79A27A23B38004C8ACA /* Assets.xcassets */; };
		E047C79E27A23B38004C8ACA /* Preview Assets.xcassets in Resources */ = {isa = PBXBuildFile; fileRef = E047C79D27A23B38004C8ACA /* Preview Assets.xcassets */; };
		E047C7AB27AA3024004C8ACA /* GoogleService-Info.plist in Resources */ = {isa = PBXBuildFile; fileRef = E047C7AA27AA3024004C8ACA /* GoogleService-Info.plist */; };
		E057C49927B46951005C592A /* CustomNavBarView.swift in Sources */ = {isa = PBXBuildFile; fileRef = E057C49827B46951005C592A /* CustomNavBarView.swift */; };
		E057C49B27B4BD94005C592A /* UserModel.swift in Sources */ = {isa = PBXBuildFile; fileRef = E057C49A27B4BD93005C592A /* UserModel.swift */; };
		E057C49D27B4BE0E005C592A /* FirebaseManager.swift in Sources */ = {isa = PBXBuildFile; fileRef = E057C49C27B4BE0E005C592A /* FirebaseManager.swift */; };
		E057C4A027B4C0E4005C592A /* FirebaseAuth in Frameworks */ = {isa = PBXBuildFile; productRef = E057C49F27B4C0E4005C592A /* FirebaseAuth */; };
		E057C4A227B4C0E4005C592A /* FirebaseFirestore in Frameworks */ = {isa = PBXBuildFile; productRef = E057C4A127B4C0E4005C592A /* FirebaseFirestore */; };
		E057C4A427B4C0E4005C592A /* FirebaseStorage in Frameworks */ = {isa = PBXBuildFile; productRef = E057C4A327B4C0E4005C592A /* FirebaseStorage */; };
		E0763C7327B3659300162654 /* SettingsView.swift in Sources */ = {isa = PBXBuildFile; fileRef = E0763C7227B3659300162654 /* SettingsView.swift */; };
		E0B4B64427B339B200E80A66 /* MainView.swift in Sources */ = {isa = PBXBuildFile; fileRef = E0B4B64327B339B200E80A66 /* MainView.swift */; };
		E0B4B64627B33B2800E80A66 /* MenuView.swift in Sources */ = {isa = PBXBuildFile; fileRef = E0B4B64527B33B2800E80A66 /* MenuView.swift */; };
		E0E264C027AB19FE00DF1D06 /* EventsView.swift in Sources */ = {isa = PBXBuildFile; fileRef = E0E264BF27AB19FE00DF1D06 /* EventsView.swift */; };
		E0E264C227AB22C400DF1D06 /* CalendarsView.swift in Sources */ = {isa = PBXBuildFile; fileRef = E0E264C127AB22C400DF1D06 /* CalendarsView.swift */; };
/* End PBXBuildFile section */

/* Begin PBXFileReference section */
		E0018C9D27B3696600E80EC2 /* CategoriesView.swift */ = {isa = PBXFileReference; lastKnownFileType = sourcecode.swift; path = CategoriesView.swift; sourceTree = "<group>"; };
		E047C79327A23B37004C8ACA /* calendar-buddy.app */ = {isa = PBXFileReference; explicitFileType = wrapper.application; includeInIndex = 0; path = "calendar-buddy.app"; sourceTree = BUILT_PRODUCTS_DIR; };
		E047C79627A23B37004C8ACA /* calendar_buddyApp.swift */ = {isa = PBXFileReference; lastKnownFileType = sourcecode.swift; path = calendar_buddyApp.swift; sourceTree = "<group>"; };
		E047C79827A23B37004C8ACA /* LoginView.swift */ = {isa = PBXFileReference; lastKnownFileType = sourcecode.swift; path = LoginView.swift; sourceTree = "<group>"; };
		E047C79A27A23B38004C8ACA /* Assets.xcassets */ = {isa = PBXFileReference; lastKnownFileType = folder.assetcatalog; path = Assets.xcassets; sourceTree = "<group>"; };
		E047C79D27A23B38004C8ACA /* Preview Assets.xcassets */ = {isa = PBXFileReference; lastKnownFileType = folder.assetcatalog; path = "Preview Assets.xcassets"; sourceTree = "<group>"; };
		E047C7AA27AA3024004C8ACA /* GoogleService-Info.plist */ = {isa = PBXFileReference; fileEncoding = 4; lastKnownFileType = text.plist.xml; path = "GoogleService-Info.plist"; sourceTree = "<group>"; };
		E057C49827B46951005C592A /* CustomNavBarView.swift */ = {isa = PBXFileReference; lastKnownFileType = sourcecode.swift; path = CustomNavBarView.swift; sourceTree = "<group>"; };
		E057C49A27B4BD93005C592A /* UserModel.swift */ = {isa = PBXFileReference; lastKnownFileType = sourcecode.swift; path = UserModel.swift; sourceTree = "<group>"; };
		E057C49C27B4BE0E005C592A /* FirebaseManager.swift */ = {isa = PBXFileReference; lastKnownFileType = sourcecode.swift; path = FirebaseManager.swift; sourceTree = "<group>"; };
		E0763C7227B3659300162654 /* SettingsView.swift */ = {isa = PBXFileReference; lastKnownFileType = sourcecode.swift; path = SettingsView.swift; sourceTree = "<group>"; };
		E0B4B64327B339B200E80A66 /* MainView.swift */ = {isa = PBXFileReference; lastKnownFileType = sourcecode.swift; path = MainView.swift; sourceTree = "<group>"; };
		E0B4B64527B33B2800E80A66 /* MenuView.swift */ = {isa = PBXFileReference; lastKnownFileType = sourcecode.swift; path = MenuView.swift; sourceTree = "<group>"; };
		E0E264BF27AB19FE00DF1D06 /* EventsView.swift */ = {isa = PBXFileReference; lastKnownFileType = sourcecode.swift; path = EventsView.swift; sourceTree = "<group>"; };
		E0E264C127AB22C400DF1D06 /* CalendarsView.swift */ = {isa = PBXFileReference; lastKnownFileType = sourcecode.swift; path = CalendarsView.swift; sourceTree = "<group>"; };
/* End PBXFileReference section */

/* Begin PBXFrameworksBuildPhase section */
		E047C79027A23B37004C8ACA /* Frameworks */ = {
			isa = PBXFrameworksBuildPhase;
			buildActionMask = 2147483647;
			files = (
				E057C4A027B4C0E4005C592A /* FirebaseAuth in Frameworks */,
				E057C4A227B4C0E4005C592A /* FirebaseFirestore in Frameworks */,
				E057C4A427B4C0E4005C592A /* FirebaseStorage in Frameworks */,
			);
			runOnlyForDeploymentPostprocessing = 0;
		};
/* End PBXFrameworksBuildPhase section */

/* Begin PBXGroup section */
		E047C78A27A23B37004C8ACA = {
			isa = PBXGroup;
			children = (
				E047C79527A23B37004C8ACA /* calendar-buddy */,
				E047C79427A23B37004C8ACA /* Products */,
			);
			sourceTree = "<group>";
		};
		E047C79427A23B37004C8ACA /* Products */ = {
			isa = PBXGroup;
			children = (
				E047C79327A23B37004C8ACA /* calendar-buddy.app */,
			);
			name = Products;
			sourceTree = "<group>";
		};
		E047C79527A23B37004C8ACA /* calendar-buddy */ = {
			isa = PBXGroup;
			children = (
				E047C7AA27AA3024004C8ACA /* GoogleService-Info.plist */,
				E047C79627A23B37004C8ACA /* calendar_buddyApp.swift */,
				E057C49C27B4BE0E005C592A /* FirebaseManager.swift */,
				E057C49A27B4BD93005C592A /* UserModel.swift */,
				E0E264BE27AAED9000DF1D06 /* Views */,
				E047C79A27A23B38004C8ACA /* Assets.xcassets */,
				E047C79C27A23B38004C8ACA /* Preview Content */,
			);
			name = "calendar-buddy";
			sourceTree = "<group>";
		};
		E047C79C27A23B38004C8ACA /* Preview Content */ = {
			isa = PBXGroup;
			children = (
				E047C79D27A23B38004C8ACA /* Preview Assets.xcassets */,
			);
			path = "Preview Content";
			sourceTree = "<group>";
		};
		E0E264BE27AAED9000DF1D06 /* Views */ = {
			isa = PBXGroup;
			children = (
				E0B4B64327B339B200E80A66 /* MainView.swift */,
				E0B4B64527B33B2800E80A66 /* MenuView.swift */,
				E0E264C127AB22C400DF1D06 /* CalendarsView.swift */,
				E047C79827A23B37004C8ACA /* LoginView.swift */,
				E0E264BF27AB19FE00DF1D06 /* EventsView.swift */,
				E0018C9D27B3696600E80EC2 /* CategoriesView.swift */,
				E0763C7227B3659300162654 /* SettingsView.swift */,
				E057C49827B46951005C592A /* CustomNavBarView.swift */,
			);
			path = Views;
			sourceTree = "<group>";
		};
/* End PBXGroup section */

/* Begin PBXNativeTarget section */
		E047C79227A23B37004C8ACA /* calendar-buddy */ = {
			isa = PBXNativeTarget;
			buildConfigurationList = E047C7A127A23B38004C8ACA /* Build configuration list for PBXNativeTarget "calendar-buddy" */;
			buildPhases = (
				E047C78F27A23B37004C8ACA /* Sources */,
				E047C79027A23B37004C8ACA /* Frameworks */,
				E047C79127A23B37004C8ACA /* Resources */,
			);
			buildRules = (
			);
			dependencies = (
			);
			name = "calendar-buddy";
			packageProductDependencies = (
				E057C49F27B4C0E4005C592A /* FirebaseAuth */,
				E057C4A127B4C0E4005C592A /* FirebaseFirestore */,
				E057C4A327B4C0E4005C592A /* FirebaseStorage */,
			);
			productName = "calendar-buddy";
			productReference = E047C79327A23B37004C8ACA /* calendar-buddy.app */;
			productType = "com.apple.product-type.application";
		};
/* End PBXNativeTarget section */

/* Begin PBXProject section */
		E047C78B27A23B37004C8ACA /* Project object */ = {
			isa = PBXProject;
			attributes = {
				BuildIndependentTargetsInParallel = 1;
				LastSwiftUpdateCheck = 1320;
				LastUpgradeCheck = 1320;
				TargetAttributes = {
					E047C79227A23B37004C8ACA = {
						CreatedOnToolsVersion = 13.2.1;
					};
				};
			};
			buildConfigurationList = E047C78E27A23B37004C8ACA /* Build configuration list for PBXProject "calendar-buddy" */;
			compatibilityVersion = "Xcode 13.0";
			developmentRegion = en;
			hasScannedForEncodings = 0;
			knownRegions = (
				en,
				Base,
			);
			mainGroup = E047C78A27A23B37004C8ACA;
			packageReferences = (
				E057C49E27B4C0E4005C592A /* XCRemoteSwiftPackageReference "firebase-ios-sdk" */,
			);
			productRefGroup = E047C79427A23B37004C8ACA /* Products */;
			projectDirPath = "";
			projectRoot = "";
			targets = (
				E047C79227A23B37004C8ACA /* calendar-buddy */,
			);
		};
/* End PBXProject section */

/* Begin PBXResourcesBuildPhase section */
		E047C79127A23B37004C8ACA /* Resources */ = {
			isa = PBXResourcesBuildPhase;
			buildActionMask = 2147483647;
			files = (
				E047C79E27A23B38004C8ACA /* Preview Assets.xcassets in Resources */,
				E047C7AB27AA3024004C8ACA /* GoogleService-Info.plist in Resources */,
				E047C79B27A23B38004C8ACA /* Assets.xcassets in Resources */,
			);
			runOnlyForDeploymentPostprocessing = 0;
		};
/* End PBXResourcesBuildPhase section */

/* Begin PBXSourcesBuildPhase section */
		E047C78F27A23B37004C8ACA /* Sources */ = {
			isa = PBXSourcesBuildPhase;
			buildActionMask = 2147483647;
			files = (
				E0763C7327B3659300162654 /* SettingsView.swift in Sources */,
				E0B4B64427B339B200E80A66 /* MainView.swift in Sources */,
				E0B4B64627B33B2800E80A66 /* MenuView.swift in Sources */,
				E057C49927B46951005C592A /* CustomNavBarView.swift in Sources */,
				E057C49D27B4BE0E005C592A /* FirebaseManager.swift in Sources */,
				E0018C9E27B3696600E80EC2 /* CategoriesView.swift in Sources */,
				E0E264C027AB19FE00DF1D06 /* EventsView.swift in Sources */,
				E047C79927A23B37004C8ACA /* LoginView.swift in Sources */,
				E0E264C227AB22C400DF1D06 /* CalendarsView.swift in Sources */,
				E057C49B27B4BD94005C592A /* UserModel.swift in Sources */,
				E047C79727A23B37004C8ACA /* calendar_buddyApp.swift in Sources */,
			);
			runOnlyForDeploymentPostprocessing = 0;
		};
/* End PBXSourcesBuildPhase section */

/* Begin XCBuildConfiguration section */
		E047C79F27A23B38004C8ACA /* Debug */ = {
			isa = XCBuildConfiguration;
			buildSettings = {
				ALWAYS_SEARCH_USER_PATHS = NO;
				CLANG_ANALYZER_NONNULL = YES;
				CLANG_ANALYZER_NUMBER_OBJECT_CONVERSION = YES_AGGRESSIVE;
				CLANG_CXX_LANGUAGE_STANDARD = "gnu++17";
				CLANG_CXX_LIBRARY = "libc++";
				CLANG_ENABLE_MODULES = YES;
				CLANG_ENABLE_OBJC_ARC = YES;
				CLANG_ENABLE_OBJC_WEAK = YES;
				CLANG_WARN_BLOCK_CAPTURE_AUTORELEASING = YES;
				CLANG_WARN_BOOL_CONVERSION = YES;
				CLANG_WARN_COMMA = YES;
				CLANG_WARN_CONSTANT_CONVERSION = YES;
				CLANG_WARN_DEPRECATED_OBJC_IMPLEMENTATIONS = YES;
				CLANG_WARN_DIRECT_OBJC_ISA_USAGE = YES_ERROR;
				CLANG_WARN_DOCUMENTATION_COMMENTS = YES;
				CLANG_WARN_EMPTY_BODY = YES;
				CLANG_WARN_ENUM_CONVERSION = YES;
				CLANG_WARN_INFINITE_RECURSION = YES;
				CLANG_WARN_INT_CONVERSION = YES;
				CLANG_WARN_NON_LITERAL_NULL_CONVERSION = YES;
				CLANG_WARN_OBJC_IMPLICIT_RETAIN_SELF = YES;
				CLANG_WARN_OBJC_LITERAL_CONVERSION = YES;
				CLANG_WARN_OBJC_ROOT_CLASS = YES_ERROR;
				CLANG_WARN_QUOTED_INCLUDE_IN_FRAMEWORK_HEADER = YES;
				CLANG_WARN_RANGE_LOOP_ANALYSIS = YES;
				CLANG_WARN_STRICT_PROTOTYPES = YES;
				CLANG_WARN_SUSPICIOUS_MOVE = YES;
				CLANG_WARN_UNGUARDED_AVAILABILITY = YES_AGGRESSIVE;
				CLANG_WARN_UNREACHABLE_CODE = YES;
				CLANG_WARN__DUPLICATE_METHOD_MATCH = YES;
				COPY_PHASE_STRIP = NO;
				DEBUG_INFORMATION_FORMAT = dwarf;
				ENABLE_STRICT_OBJC_MSGSEND = YES;
				ENABLE_TESTABILITY = YES;
				GCC_C_LANGUAGE_STANDARD = gnu11;
				GCC_DYNAMIC_NO_PIC = NO;
				GCC_NO_COMMON_BLOCKS = YES;
				GCC_OPTIMIZATION_LEVEL = 0;
				GCC_PREPROCESSOR_DEFINITIONS = (
					"DEBUG=1",
					"$(inherited)",
				);
				GCC_WARN_64_TO_32_BIT_CONVERSION = YES;
				GCC_WARN_ABOUT_RETURN_TYPE = YES_ERROR;
				GCC_WARN_UNDECLARED_SELECTOR = YES;
				GCC_WARN_UNINITIALIZED_AUTOS = YES_AGGRESSIVE;
				GCC_WARN_UNUSED_FUNCTION = YES;
				GCC_WARN_UNUSED_VARIABLE = YES;
				IPHONEOS_DEPLOYMENT_TARGET = 15.0;
				MTL_ENABLE_DEBUG_INFO = INCLUDE_SOURCE;
				MTL_FAST_MATH = YES;
				ONLY_ACTIVE_ARCH = YES;
				SDKROOT = iphoneos;
				SWIFT_ACTIVE_COMPILATION_CONDITIONS = DEBUG;
				SWIFT_OPTIMIZATION_LEVEL = "-Onone";
			};
			name = Debug;
		};
		E047C7A027A23B38004C8ACA /* Release */ = {
			isa = XCBuildConfiguration;
			buildSettings = {
				ALWAYS_SEARCH_USER_PATHS = NO;
				CLANG_ANALYZER_NONNULL = YES;
				CLANG_ANALYZER_NUMBER_OBJECT_CONVERSION = YES_AGGRESSIVE;
				CLANG_CXX_LANGUAGE_STANDARD = "gnu++17";
				CLANG_CXX_LIBRARY = "libc++";
				CLANG_ENABLE_MODULES = YES;
				CLANG_ENABLE_OBJC_ARC = YES;
				CLANG_ENABLE_OBJC_WEAK = YES;
				CLANG_WARN_BLOCK_CAPTURE_AUTORELEASING = YES;
				CLANG_WARN_BOOL_CONVERSION = YES;
				CLANG_WARN_COMMA = YES;
				CLANG_WARN_CONSTANT_CONVERSION = YES;
				CLANG_WARN_DEPRECATED_OBJC_IMPLEMENTATIONS = YES;
				CLANG_WARN_DIRECT_OBJC_ISA_USAGE = YES_ERROR;
				CLANG_WARN_DOCUMENTATION_COMMENTS = YES;
				CLANG_WARN_EMPTY_BODY = YES;
				CLANG_WARN_ENUM_CONVERSION = YES;
				CLANG_WARN_INFINITE_RECURSION = YES;
				CLANG_WARN_INT_CONVERSION = YES;
				CLANG_WARN_NON_LITERAL_NULL_CONVERSION = YES;
				CLANG_WARN_OBJC_IMPLICIT_RETAIN_SELF = YES;
				CLANG_WARN_OBJC_LITERAL_CONVERSION = YES;
				CLANG_WARN_OBJC_ROOT_CLASS = YES_ERROR;
				CLANG_WARN_QUOTED_INCLUDE_IN_FRAMEWORK_HEADER = YES;
				CLANG_WARN_RANGE_LOOP_ANALYSIS = YES;
				CLANG_WARN_STRICT_PROTOTYPES = YES;
				CLANG_WARN_SUSPICIOUS_MOVE = YES;
				CLANG_WARN_UNGUARDED_AVAILABILITY = YES_AGGRESSIVE;
				CLANG_WARN_UNREACHABLE_CODE = YES;
				CLANG_WARN__DUPLICATE_METHOD_MATCH = YES;
				COPY_PHASE_STRIP = NO;
				DEBUG_INFORMATION_FORMAT = "dwarf-with-dsym";
				ENABLE_NS_ASSERTIONS = NO;
				ENABLE_STRICT_OBJC_MSGSEND = YES;
				GCC_C_LANGUAGE_STANDARD = gnu11;
				GCC_NO_COMMON_BLOCKS = YES;
				GCC_WARN_64_TO_32_BIT_CONVERSION = YES;
				GCC_WARN_ABOUT_RETURN_TYPE = YES_ERROR;
				GCC_WARN_UNDECLARED_SELECTOR = YES;
				GCC_WARN_UNINITIALIZED_AUTOS = YES_AGGRESSIVE;
				GCC_WARN_UNUSED_FUNCTION = YES;
				GCC_WARN_UNUSED_VARIABLE = YES;
				IPHONEOS_DEPLOYMENT_TARGET = 15.0;
				MTL_ENABLE_DEBUG_INFO = NO;
				MTL_FAST_MATH = YES;
				SDKROOT = iphoneos;
				SWIFT_COMPILATION_MODE = wholemodule;
				SWIFT_OPTIMIZATION_LEVEL = "-O";
				VALIDATE_PRODUCT = YES;
			};
			name = Release;
		};
		E047C7A227A23B38004C8ACA /* Debug */ = {
			isa = XCBuildConfiguration;
			buildSettings = {
				ASSETCATALOG_COMPILER_APPICON_NAME = AppIcon;
				ASSETCATALOG_COMPILER_GLOBAL_ACCENT_COLOR_NAME = AccentColor;
				CODE_SIGN_STYLE = Automatic;
				CURRENT_PROJECT_VERSION = 1;
				DEVELOPMENT_ASSET_PATHS = "\"Preview Content\"";
				ENABLE_PREVIEWS = YES;
				GENERATE_INFOPLIST_FILE = YES;
				INFOPLIST_KEY_UIApplicationSceneManifest_Generation = YES;
				INFOPLIST_KEY_UIApplicationSupportsIndirectInputEvents = YES;
				INFOPLIST_KEY_UILaunchScreen_Generation = YES;
				INFOPLIST_KEY_UISupportedInterfaceOrientations_iPad = "UIInterfaceOrientationPortrait UIInterfaceOrientationPortraitUpsideDown UIInterfaceOrientationLandscapeLeft UIInterfaceOrientationLandscapeRight";
				INFOPLIST_KEY_UISupportedInterfaceOrientations_iPhone = "UIInterfaceOrientationPortrait UIInterfaceOrientationLandscapeLeft UIInterfaceOrientationLandscapeRight";
				LD_RUNPATH_SEARCH_PATHS = (
					"$(inherited)",
					"@executable_path/Frameworks",
				);
				MARKETING_VERSION = 1.0;
				PRODUCT_BUNDLE_IDENTIFIER = "mobregong.calendar-buddy";
				PRODUCT_NAME = "$(TARGET_NAME)";
				SWIFT_EMIT_LOC_STRINGS = YES;
				SWIFT_VERSION = 5.0;
				TARGETED_DEVICE_FAMILY = "1,2";
			};
			name = Debug;
		};
		E047C7A327A23B38004C8ACA /* Release */ = {
			isa = XCBuildConfiguration;
			buildSettings = {
				ASSETCATALOG_COMPILER_APPICON_NAME = AppIcon;
				ASSETCATALOG_COMPILER_GLOBAL_ACCENT_COLOR_NAME = AccentColor;
				CODE_SIGN_STYLE = Automatic;
				CURRENT_PROJECT_VERSION = 1;
				DEVELOPMENT_ASSET_PATHS = "\"Preview Content\"";
				ENABLE_PREVIEWS = YES;
				GENERATE_INFOPLIST_FILE = YES;
				INFOPLIST_KEY_UIApplicationSceneManifest_Generation = YES;
				INFOPLIST_KEY_UIApplicationSupportsIndirectInputEvents = YES;
				INFOPLIST_KEY_UILaunchScreen_Generation = YES;
				INFOPLIST_KEY_UISupportedInterfaceOrientations_iPad = "UIInterfaceOrientationPortrait UIInterfaceOrientationPortraitUpsideDown UIInterfaceOrientationLandscapeLeft UIInterfaceOrientationLandscapeRight";
				INFOPLIST_KEY_UISupportedInterfaceOrientations_iPhone = "UIInterfaceOrientationPortrait UIInterfaceOrientationLandscapeLeft UIInterfaceOrientationLandscapeRight";
				LD_RUNPATH_SEARCH_PATHS = (
					"$(inherited)",
					"@executable_path/Frameworks",
				);
				MARKETING_VERSION = 1.0;
				PRODUCT_BUNDLE_IDENTIFIER = "mobregong.calendar-buddy";
				PRODUCT_NAME = "$(TARGET_NAME)";
				SWIFT_EMIT_LOC_STRINGS = YES;
				SWIFT_VERSION = 5.0;
				TARGETED_DEVICE_FAMILY = "1,2";
			};
			name = Release;
		};
/* End XCBuildConfiguration section */

/* Begin XCConfigurationList section */
		E047C78E27A23B37004C8ACA /* Build configuration list for PBXProject "calendar-buddy" */ = {
			isa = XCConfigurationList;
			buildConfigurations = (
				E047C79F27A23B38004C8ACA /* Debug */,
				E047C7A027A23B38004C8ACA /* Release */,
			);
			defaultConfigurationIsVisible = 0;
			defaultConfigurationName = Release;
		};
		E047C7A127A23B38004C8ACA /* Build configuration list for PBXNativeTarget "calendar-buddy" */ = {
			isa = XCConfigurationList;
			buildConfigurations = (
				E047C7A227A23B38004C8ACA /* Debug */,
				E047C7A327A23B38004C8ACA /* Release */,
			);
			defaultConfigurationIsVisible = 0;
			defaultConfigurationName = Release;
		};
/* End XCConfigurationList section */

/* Begin XCRemoteSwiftPackageReference section */
		E057C49E27B4C0E4005C592A /* XCRemoteSwiftPackageReference "firebase-ios-sdk" */ = {
			isa = XCRemoteSwiftPackageReference;
			repositoryURL = "https://github.com/firebase/firebase-ios-sdk";
			requirement = {
				kind = upToNextMajorVersion;
				minimumVersion = 8.0.0;
			};
		};
/* End XCRemoteSwiftPackageReference section */

/* Begin XCSwiftPackageProductDependency section */
		E057C49F27B4C0E4005C592A /* FirebaseAuth */ = {
			isa = XCSwiftPackageProductDependency;
			package = E057C49E27B4C0E4005C592A /* XCRemoteSwiftPackageReference "firebase-ios-sdk" */;
			productName = FirebaseAuth;
		};
		E057C4A127B4C0E4005C592A /* FirebaseFirestore */ = {
			isa = XCSwiftPackageProductDependency;
			package = E057C49E27B4C0E4005C592A /* XCRemoteSwiftPackageReference "firebase-ios-sdk" */;
			productName = FirebaseFirestore;
		};
		E057C4A327B4C0E4005C592A /* FirebaseStorage */ = {
			isa = XCSwiftPackageProductDependency;
			package = E057C49E27B4C0E4005C592A /* XCRemoteSwiftPackageReference "firebase-ios-sdk" */;
			productName = FirebaseStorage;
		};
/* End XCSwiftPackageProductDependency section */
	};
	rootObject = E047C78B27A23B37004C8ACA /* Project object */;
}
